
Microsoft Visual Studio Solution File, Format Version 12.00
# Visual Studio Version 16
VisualStudioVersion = 16.0.31702.278
MinimumVisualStudioVersion = 10.0.40219.1
Project("{FAE04EC0-301F-11D3-BF4B-00C04F79EFBC}") = "MatchGame", "MatchGame.csproj", "{D9A2F8C9-DBFA-4596-8880-34E6116FFFC0}"
EndProject
Global
	GlobalSection(SolutionConfigurationPlatforms) = preSolution
		Debug|Any CPU = Debug|Any CPU
		Release|Any CPU = Release|Any CPU
	EndGlobalSection
	GlobalSection(ProjectConfigurationPlatforms) = postSolution
		{D9A2F8C9-DBFA-4596-8880-34E6116FFFC0}.Debug|Any CPU.ActiveCfg = Debug|Any CPU
		{D9A2F8C9-DBFA-4596-8880-34E6116FFFC0}.Debug|Any CPU.Build.0 = Debug|Any CPU
		{D9A2F8C9-DBFA-4596-8880-34E6116FFFC0}.Release|Any CPU.ActiveCfg = Release|Any CPU
		{D9A2F8C9-DBFA-4596-8880-34E6116FFFC0}.Release|Any CPU.Build.0 = Release|Any CPU
	EndGlobalSection
	GlobalSection(SolutionProperties) = preSolution
		HideSolutionNode = FALSE
	EndGlobalSection
	GlobalSection(ExtensibilityGlobals) = postSolution
		SolutionGuid = {6C398334-17DB-4EE8-83AA-A2845F8F2E1F}
	EndGlobalSection
EndGlobal
